
Microsoft Visual Studio Solution File, Format Version 12.00
# Visual Studio Version 17
VisualStudioVersion = 17.0.32014.148
MinimumVisualStudioVersion = 10.0.40219.1
Project("{FAE04EC0-301F-11D3-BF4B-00C04F79EFBC}") = "JokeBot", "JokeBot\JokeBot.csproj", "{421E27BB-34FB-4D0D-A0A1-1647E4FF9D60}"
EndProject
Global
	GlobalSection(SolutionConfigurationPlatforms) = preSolution
		Debug|Any CPU = Debug|Any CPU
		Release|Any CPU = Release|Any CPU
	EndGlobalSection
	GlobalSection(ProjectConfigurationPlatforms) = postSolution
		{421E27BB-34FB-4D0D-A0A1-1647E4FF9D60}.Debug|Any CPU.ActiveCfg = Debug|Any CPU
		{421E27BB-34FB-4D0D-A0A1-1647E4FF9D60}.Debug|Any CPU.Build.0 = Debug|Any CPU
		{421E27BB-34FB-4D0D-A0A1-1647E4FF9D60}.Release|Any CPU.ActiveCfg = Release|Any CPU
		{421E27BB-34FB-4D0D-A0A1-1647E4FF9D60}.Release|Any CPU.Build.0 = Release|Any CPU
	EndGlobalSection
	GlobalSection(SolutionProperties) = preSolution
		HideSolutionNode = FALSE
	EndGlobalSection
	GlobalSection(ExtensibilityGlobals) = postSolution
		SolutionGuid = {8F1D3FB1-929E-4402-89ED-FEA1DA7FF1CC}
	EndGlobalSection
EndGlobal
